
Microsoft Visual Studio Solution File, Format Version 12.00
# Visual Studio Version 16
VisualStudioVersion = 16.0.31321.278
MinimumVisualStudioVersion = 10.0.40219.1
Project("{8BC9CEB8-8B4A-11D0-8D11-00A0C91BC942}") = "bai 1", "chuong 14\chuong 14.vcxproj", "{5632B00D-72DB-4C7E-8E9B-48CDA5C07422}"
EndProject
Project("{8BC9CEB8-8B4A-11D0-8D11-00A0C91BC942}") = "bai 2", "bai 2\bai 2.vcxproj", "{9998F86B-B674-40D0-942B-5288FA9F0691}"
EndProject
Project("{8BC9CEB8-8B4A-11D0-8D11-00A0C91BC942}") = "bai 3", "bai 3\bai 3.vcxproj", "{E2601701-EFFB-4E0F-A679-091A7099F81A}"
EndProject
Project("{8BC9CEB8-8B4A-11D0-8D11-00A0C91BC942}") = "bai 3 c++", "bai 3 c++\bai 3 c++.vcxproj", "{C2E5AA6A-62D3-406F-9D4D-CD9E2B18BDCD}"
EndProject
Project("{8BC9CEB8-8B4A-11D0-8D11-00A0C91BC942}") = "bai 4", "bai 4\bai 4.vcxproj", "{010C9D8C-851A-4F57-BEDD-D4F40B682767}"
EndProject
Global
	GlobalSection(SolutionConfigurationPlatforms) = preSolution
		Debug|x64 = Debug|x64
		Debug|x86 = Debug|x86
		Release|x64 = Release|x64
		Release|x86 = Release|x86
	EndGlobalSection
	GlobalSection(ProjectConfigurationPlatforms) = postSolution
		{5632B00D-72DB-4C7E-8E9B-48CDA5C07422}.Debug|x64.ActiveCfg = Debug|x64
		{5632B00D-72DB-4C7E-8E9B-48CDA5C07422}.Debug|x64.Build.0 = Debug|x64
		{5632B00D-72DB-4C7E-8E9B-48CDA5C07422}.Debug|x86.ActiveCfg = Debug|Win32
		{5632B00D-72DB-4C7E-8E9B-48CDA5C07422}.Debug|x86.Build.0 = Debug|Win32
		{5632B00D-72DB-4C7E-8E9B-48CDA5C07422}.Release|x64.ActiveCfg = Release|x64
		{5632B00D-72DB-4C7E-8E9B-48CDA5C07422}.Release|x64.Build.0 = Release|x64
		{5632B00D-72DB-4C7E-8E9B-48CDA5C07422}.Release|x86.ActiveCfg = Release|Win32
		{5632B00D-72DB-4C7E-8E9B-48CDA5C07422}.Release|x86.Build.0 = Release|Win32
		{9998F86B-B674-40D0-942B-5288FA9F0691}.Debug|x64.ActiveCfg = Debug|x64
		{9998F86B-B674-40D0-942B-5288FA9F0691}.Debug|x64.Build.0 = Debug|x64
		{9998F86B-B674-40D0-942B-5288FA9F0691}.Debug|x86.ActiveCfg = Debug|Win32
		{9998F86B-B674-40D0-942B-5288FA9F0691}.Debug|x86.Build.0 = Debug|Win32
		{9998F86B-B674-40D0-942B-5288FA9F0691}.Release|x64.ActiveCfg = Release|x64
		{9998F86B-B674-40D0-942B-5288FA9F0691}.Release|x64.Build.0 = Release|x64
		{9998F86B-B674-40D0-942B-5288FA9F0691}.Release|x86.ActiveCfg = Release|Win32
		{9998F86B-B674-40D0-942B-5288FA9F0691}.Release|x86.Build.0 = Release|Win32
		{E2601701-EFFB-4E0F-A679-091A7099F81A}.Debug|x64.ActiveCfg = Debug|x64
		{E2601701-EFFB-4E0F-A679-091A7099F81A}.Debug|x64.Build.0 = Debug|x64
		{E2601701-EFFB-4E0F-A679-091A7099F81A}.Debug|x86.ActiveCfg = Debug|Win32
		{E2601701-EFFB-4E0F-A679-091A7099F81A}.Debug|x86.Build.0 = Debug|Win32
		{E2601701-EFFB-4E0F-A679-091A7099F81A}.Release|x64.ActiveCfg = Release|x64
		{E2601701-EFFB-4E0F-A679-091A7099F81A}.Release|x64.Build.0 = Release|x64
		{E2601701-EFFB-4E0F-A679-091A7099F81A}.Release|x86.ActiveCfg = Release|Win32
		{E2601701-EFFB-4E0F-A679-091A7099F81A}.Release|x86.Build.0 = Release|Win32
		{C2E5AA6A-62D3-406F-9D4D-CD9E2B18BDCD}.Debug|x64.ActiveCfg = Debug|x64
		{C2E5AA6A-62D3-406F-9D4D-CD9E2B18BDCD}.Debug|x64.Build.0 = Debug|x64
		{C2E5AA6A-62D3-406F-9D4D-CD9E2B18BDCD}.Debug|x86.ActiveCfg = Debug|Win32
		{C2E5AA6A-62D3-406F-9D4D-CD9E2B18BDCD}.Debug|x86.Build.0 = Debug|Win32
		{C2E5AA6A-62D3-406F-9D4D-CD9E2B18BDCD}.Release|x64.ActiveCfg = Release|x64
		{C2E5AA6A-62D3-406F-9D4D-CD9E2B18BDCD}.Release|x64.Build.0 = Release|x64
		{C2E5AA6A-62D3-406F-9D4D-CD9E2B18BDCD}.Release|x86.ActiveCfg = Release|Win32
		{C2E5AA6A-62D3-406F-9D4D-CD9E2B18BDCD}.Release|x86.Build.0 = Release|Win32
		{010C9D8C-851A-4F57-BEDD-D4F40B682767}.Debug|x64.ActiveCfg = Debug|x64
		{010C9D8C-851A-4F57-BEDD-D4F40B682767}.Debug|x64.Build.0 = Debug|x64
		{010C9D8C-851A-4F57-BEDD-D4F40B682767}.Debug|x86.ActiveCfg = Debug|Win32
		{010C9D8C-851A-4F57-BEDD-D4F40B682767}.Debug|x86.Build.0 = Debug|Win32
		{010C9D8C-851A-4F57-BEDD-D4F40B682767}.Release|x64.ActiveCfg = Release|x64
		{010C9D8C-851A-4F57-BEDD-D4F40B682767}.Release|x64.Build.0 = Release|x64
		{010C9D8C-851A-4F57-BEDD-D4F40B682767}.Release|x86.ActiveCfg = Release|Win32
		{010C9D8C-851A-4F57-BEDD-D4F40B682767}.Release|x86.Build.0 = Release|Win32
	EndGlobalSection
	GlobalSection(SolutionProperties) = preSolution
		HideSolutionNode = FALSE
	EndGlobalSection
	GlobalSection(ExtensibilityGlobals) = postSolution
		SolutionGuid = {0F8DE842-51FB-442A-A88F-12F83261761F}
	EndGlobalSection
EndGlobal
